
Microsoft Visual Studio Solution File, Format Version 12.00
# Visual Studio 15
VisualStudioVersion = 15.0.28307.1022
MinimumVisualStudioVersion = 10.0.40219.1
Project("{FAE04EC0-301F-11D3-BF4B-00C04F79EFBC}") = "GmmkUtil", "GmmkUtil\GmmkUtil.csproj", "{D8A91CF1-21D2-4718-9836-0BD1C1DC6F00}"
EndProject
Global
	GlobalSection(SolutionConfigurationPlatforms) = preSolution
		Debug|Any CPU = Debug|Any CPU
		Release|Any CPU = Release|Any CPU
	EndGlobalSection
	GlobalSection(ProjectConfigurationPlatforms) = postSolution
		{D8A91CF1-21D2-4718-9836-0BD1C1DC6F00}.Debug|Any CPU.ActiveCfg = Debug|Any CPU
		{D8A91CF1-21D2-4718-9836-0BD1C1DC6F00}.Debug|Any CPU.Build.0 = Debug|Any CPU
		{D8A91CF1-21D2-4718-9836-0BD1C1DC6F00}.Release|Any CPU.ActiveCfg = Release|Any CPU
		{D8A91CF1-21D2-4718-9836-0BD1C1DC6F00}.Release|Any CPU.Build.0 = Release|Any CPU
	EndGlobalSection
	GlobalSection(SolutionProperties) = preSolution
		HideSolutionNode = FALSE
	EndGlobalSection
	GlobalSection(ExtensibilityGlobals) = postSolution
		SolutionGuid = {EB5D10CB-CFAB-40CB-A3E3-F83AC6B5E221}
	EndGlobalSection
EndGlobal
