
Microsoft Visual Studio Solution File, Format Version 12.00
# Visual Studio Version 16
VisualStudioVersion = 16.0.29920.165
MinimumVisualStudioVersion = 10.0.40219.1
Project("{9A19103F-16F7-4668-BE54-9A1E7A4F7556}") = "GmmkUtilConsole", "GmmkUtilConsole\GmmkUtilConsole.csproj", "{D8A91CF1-21D2-4718-9836-0BD1C1DC6F00}"
EndProject
Project("{FAE04EC0-301F-11D3-BF4B-00C04F79EFBC}") = "GmmkLib", "GmmkLib\GmmkLib.csproj", "{CAE2D2B9-3093-48CE-86EB-97EAD36551A8}"
EndProject
Global
	GlobalSection(SolutionConfigurationPlatforms) = preSolution
		Debug|Any CPU = Debug|Any CPU
		Release|Any CPU = Release|Any CPU
	EndGlobalSection
	GlobalSection(ProjectConfigurationPlatforms) = postSolution
		{D8A91CF1-21D2-4718-9836-0BD1C1DC6F00}.Debug|Any CPU.ActiveCfg = Debug|Any CPU
		{D8A91CF1-21D2-4718-9836-0BD1C1DC6F00}.Debug|Any CPU.Build.0 = Debug|Any CPU
		{D8A91CF1-21D2-4718-9836-0BD1C1DC6F00}.Release|Any CPU.ActiveCfg = Release|Any CPU
		{D8A91CF1-21D2-4718-9836-0BD1C1DC6F00}.Release|Any CPU.Build.0 = Release|Any CPU
		{CAE2D2B9-3093-48CE-86EB-97EAD36551A8}.Debug|Any CPU.ActiveCfg = Debug|Any CPU
		{CAE2D2B9-3093-48CE-86EB-97EAD36551A8}.Debug|Any CPU.Build.0 = Debug|Any CPU
		{CAE2D2B9-3093-48CE-86EB-97EAD36551A8}.Release|Any CPU.ActiveCfg = Release|Any CPU
		{CAE2D2B9-3093-48CE-86EB-97EAD36551A8}.Release|Any CPU.Build.0 = Release|Any CPU
	EndGlobalSection
	GlobalSection(SolutionProperties) = preSolution
		HideSolutionNode = FALSE
	EndGlobalSection
	GlobalSection(ExtensibilityGlobals) = postSolution
		SolutionGuid = {EB5D10CB-CFAB-40CB-A3E3-F83AC6B5E221}
	EndGlobalSection
EndGlobal
